
Microsoft Visual Studio Solution File, Format Version 12.00
# Visual Studio 15
VisualStudioVersion = 15.0.27703.2000
MinimumVisualStudioVersion = 10.0.40219.1
Project("{FAE04EC0-301F-11D3-BF4B-00C04F79EFBC}") = "WebMyPham", "WebMyPham\WebMyPham.csproj", "{CFF31253-A50B-460D-A214-5EEBC5F3F869}"
EndProject
Global
	GlobalSection(SolutionConfigurationPlatforms) = preSolution
		Debug|Any CPU = Debug|Any CPU
		Release|Any CPU = Release|Any CPU
	EndGlobalSection
	GlobalSection(ProjectConfigurationPlatforms) = postSolution
		{CFF31253-A50B-460D-A214-5EEBC5F3F869}.Debug|Any CPU.ActiveCfg = Debug|Any CPU
		{CFF31253-A50B-460D-A214-5EEBC5F3F869}.Debug|Any CPU.Build.0 = Debug|Any CPU
		{CFF31253-A50B-460D-A214-5EEBC5F3F869}.Release|Any CPU.ActiveCfg = Release|Any CPU
		{CFF31253-A50B-460D-A214-5EEBC5F3F869}.Release|Any CPU.Build.0 = Release|Any CPU
	EndGlobalSection
	GlobalSection(SolutionProperties) = preSolution
		HideSolutionNode = FALSE
	EndGlobalSection
	GlobalSection(ExtensibilityGlobals) = postSolution
		SolutionGuid = {5174175F-B8F2-4FC3-A8B6-64B3AD4C3A77}
	EndGlobalSection
EndGlobal
